
Microsoft Visual Studio Solution File, Format Version 12.00
# Visual Studio Version 16
VisualStudioVersion = 16.0.29403.142
MinimumVisualStudioVersion = 10.0.40219.1
Project("{FAE04EC0-301F-11D3-BF4B-00C04F79EFBC}") = "CodeTest0427", "CodeTest0427.csproj", "{1AB43BCC-CFC7-4F46-A4A0-E17668774E92}"
EndProject
Global
	GlobalSection(SolutionConfigurationPlatforms) = preSolution
		Debug|Any CPU = Debug|Any CPU
		Release|Any CPU = Release|Any CPU
	EndGlobalSection
	GlobalSection(ProjectConfigurationPlatforms) = postSolution
		{1AB43BCC-CFC7-4F46-A4A0-E17668774E92}.Debug|Any CPU.ActiveCfg = Debug|Any CPU
		{1AB43BCC-CFC7-4F46-A4A0-E17668774E92}.Debug|Any CPU.Build.0 = Debug|Any CPU
		{1AB43BCC-CFC7-4F46-A4A0-E17668774E92}.Release|Any CPU.ActiveCfg = Release|Any CPU
		{1AB43BCC-CFC7-4F46-A4A0-E17668774E92}.Release|Any CPU.Build.0 = Release|Any CPU
	EndGlobalSection
	GlobalSection(SolutionProperties) = preSolution
		HideSolutionNode = FALSE
	EndGlobalSection
	GlobalSection(ExtensibilityGlobals) = postSolution
		SolutionGuid = {1C97F0D4-641D-46A3-A547-A3DCD5B2CC96}
	EndGlobalSection
EndGlobal
